<?xml version="1.0" encoding="utf-8"?>
<Project ToolsVersion="4.0" xmlns="http://schemas.microsoft.com/developer/msbuild/2003">
  <ItemGroup>
    <Filter Include="win32">
      <UniqueIdentifier>{84a8ebd7-7cf0-47f6-b75e-d441df67da40}</UniqueIdentifier>
    </Filter>
    <Filter Include="Classes">
      <UniqueIdentifier>{bb6c862e-70e9-49d9-81b7-3829a6f50471}</UniqueIdentifier>
    </Filter>
    <Filter Include="Classes\Base">
      <UniqueIdentifier>{eece554d-72dc-40b4-95d5-8e952d365108}</UniqueIdentifier>
    </Filter>
    <Filter Include="Classes\Compent">
      <UniqueIdentifier>{0bbc5caa-2e53-4dbf-a956-3e7d9e3c76f7}</UniqueIdentifier>
    </Filter>
    <Filter Include="Classes\Core">
      <UniqueIdentifier>{aef8a891-5633-4921-99a2-654c986381dd}</UniqueIdentifier>
    </Filter>
    <Filter Include="Classes\Core\Layers">
      <UniqueIdentifier>{cbe31259-c5d7-4fdb-a555-56d587223de4}</UniqueIdentifier>
    </Filter>
    <Filter Include="Classes\Core\Configs">
      <UniqueIdentifier>{93b00da4-a93b-4dda-a6a6-342a523b87c9}</UniqueIdentifier>
    </Filter>
  </ItemGroup>
  <ItemGroup>
    <ClCompile Include="main.cpp">
      <Filter>win32</Filter>
    </ClCompile>
    <ClCompile Include="..\Classes\AppDelegate.cpp">
      <Filter>Classes</Filter>
    </ClCompile>
    <ClCompile Include="..\Classes\GameMain.cpp">
      <Filter>Classes</Filter>
    </ClCompile>
    <ClCompile Include="..\Classes\Base\IniReader.cpp">
      <Filter>Classes\Base</Filter>
    </ClCompile>
    <ClCompile Include="..\Classes\Compent\EgCommon.cpp">
      <Filter>Classes\Compent</Filter>
    </ClCompile>
    <ClCompile Include="..\Classes\Compent\PopupDialog.cpp">
      <Filter>Classes\Compent</Filter>
    </ClCompile>
    <ClCompile Include="..\Classes\Compent\TroughCompent.cpp">
      <Filter>Classes\Compent</Filter>
    </ClCompile>
    <ClCompile Include="..\Classes\Core\PlaneUnit.cpp">
      <Filter>Classes\Core</Filter>
    </ClCompile>
    <ClCompile Include="..\Classes\Core\BaseEvent.cpp">
      <Filter>Classes\Core</Filter>
    </ClCompile>
    <ClCompile Include="..\Classes\Core\HeadQuarter.cpp">
      <Filter>Classes\Core</Filter>
    </ClCompile>
    <ClCompile Include="..\Classes\Core\PlanePoint.cpp">
      <Filter>Classes\Core</Filter>
    </ClCompile>
    <ClCompile Include="..\..\..\..\cc2_sprite_tool\src\planeX_Project\Classes\Core\Layers\BaseLayer.cpp">
      <Filter>Classes\Core\Layers</Filter>
    </ClCompile>
    <ClCompile Include="..\..\..\..\cc2_sprite_tool\src\planeX_Project\Classes\Core\Layers\GameLoginLayer.cpp">
      <Filter>Classes\Core\Layers</Filter>
    </ClCompile>
    <ClCompile Include="..\..\..\..\cc2_sprite_tool\src\planeX_Project\Classes\Core\Layers\MainLogicLayer.cpp">
      <Filter>Classes\Core\Layers</Filter>
    </ClCompile>
  </ItemGroup>
  <ItemGroup>
    <ClInclude Include="main.h">
      <Filter>win32</Filter>
    </ClInclude>
    <ClInclude Include="..\Classes\AppDelegate.h">
      <Filter>Classes</Filter>
    </ClInclude>
    <ClInclude Include="..\Classes\GAME_DECLARATION.h">
      <Filter>Classes</Filter>
    </ClInclude>
    <ClInclude Include="..\Classes\GameMain.h">
      <Filter>Classes</Filter>
    </ClInclude>
    <ClInclude Include="..\Classes\Base\Singleton.hpp">
      <Filter>Classes\Base</Filter>
    </ClInclude>
    <ClInclude Include="..\Classes\Base\IniReader.h">
      <Filter>Classes\Base</Filter>
    </ClInclude>
    <ClInclude Include="..\Classes\Compent\EgCommon.h">
      <Filter>Classes\Compent</Filter>
    </ClInclude>
    <ClInclude Include="..\Classes\Compent\PopupDialog.h">
      <Filter>Classes\Compent</Filter>
    </ClInclude>
    <ClInclude Include="..\Classes\Compent\TroughCompent.h">
      <Filter>Classes\Compent</Filter>
    </ClInclude>
    <ClInclude Include="..\Classes\Core\PlanePoint.h">
      <Filter>Classes\Core</Filter>
    </ClInclude>
    <ClInclude Include="..\Classes\Core\PlaneUnit.h">
      <Filter>Classes\Core</Filter>
    </ClInclude>
    <ClInclude Include="..\Classes\Core\BaseEvent.h">
      <Filter>Classes\Core</Filter>
    </ClInclude>
    <ClInclude Include="..\Classes\Core\HeadQuarter.h">
      <Filter>Classes\Core</Filter>
    </ClInclude>
    <ClInclude Include="..\..\..\..\cc2_sprite_tool\src\planeX_Project\Classes\Core\Configs\IniDataConfigs.hpp">
      <Filter>Classes\Core\Configs</Filter>
    </ClInclude>
    <ClInclude Include="..\..\..\..\cc2_sprite_tool\src\planeX_Project\Classes\Core\Layers\MainLogicLayer.h">
      <Filter>Classes\Core\Layers</Filter>
    </ClInclude>
    <ClInclude Include="..\..\..\..\cc2_sprite_tool\src\planeX_Project\Classes\Core\Layers\BaseLayer.h">
      <Filter>Classes\Core\Layers</Filter>
    </ClInclude>
    <ClInclude Include="..\..\..\..\cc2_sprite_tool\src\planeX_Project\Classes\Core\Layers\GameLoginLayer.h">
      <Filter>Classes\Core\Layers</Filter>
    </ClInclude>
  </ItemGroup>
</Project>